# This file is automatically @generated by Cargo.
# It is not intended for manual editing.
version = 3

[[package]]
name = "TestGPU"
version = "0.1.0"
dependencies = [
 "nanorand",
 "opencl3",
]

[[package]]
name = "cl-sys"
version = "0.4.2"
source = "registry+https://github.com/rust-lang/crates.io-index"
checksum = "e8573fa3ff8acd6c49e8e113296c54277e82376b96c6ca6307848632cce38e44"
dependencies = [
 "libc",
]

[[package]]
name = "cl3"
version = "0.6.4"
source = "registry+https://github.com/rust-lang/crates.io-index"
checksum = "1b9ffa85802035f535ab9671b5691b06c0bc0262317909de32a52a6b3f427e5e"
dependencies = [
 "cl-sys",
 "libc",
]

[[package]]
name = "libc"
version = "0.2.121"
source = "registry+https://github.com/rust-lang/crates.io-index"
checksum = "efaa7b300f3b5fe8eb6bf21ce3895e1751d9665086af2d64b42f19701015ff4f"

[[package]]
name = "nanorand"
version = "0.6.1"
source = "registry+https://github.com/rust-lang/crates.io-index"
checksum = "729eb334247daa1803e0a094d0a5c55711b85571179f5ec6e53eccfdf7008958"

[[package]]
name = "opencl3"
version = "0.6.3"
source = "registry+https://github.com/rust-lang/crates.io-index"
checksum = "931cc2ab3068142384dbdaba142681c11b315cf3b96c7a59e8480d062363387f"
dependencies = [
 "cl3",
 "libc",
]
